
Microsoft Visual Studio Solution File, Format Version 12.00
# Visual Studio Version 17
VisualStudioVersion = 17.9.34728.123
MinimumVisualStudioVersion = 10.0.40219.1
Project("{FAE04EC0-301F-11D3-BF4B-00C04F79EFBC}") = "HomeWork4_7_2", "HomeWork4_7_2\HomeWork4_7_2.csproj", "{EB3BF8BC-D8BA-431B-9474-FBD18EC58836}"
EndProject
Project("{FAE04EC0-301F-11D3-BF4B-00C04F79EFBC}") = "HomeWork4_7_5", "HomeWork4_7_5\HomeWork4_7_5.csproj", "{88594AB8-A11A-4EDB-BFB4-2B487004E0B9}"
EndProject
Project("{FAE04EC0-301F-11D3-BF4B-00C04F79EFBC}") = "HomeWork4_7_3", "HomeWork4_7_3\HomeWork4_7_3.csproj", "{1B2DD4D5-FB69-436A-A7B7-D0B0F67BF819}"
EndProject
Global
	GlobalSection(SolutionConfigurationPlatforms) = preSolution
		Debug|Any CPU = Debug|Any CPU
		Release|Any CPU = Release|Any CPU
	EndGlobalSection
	GlobalSection(ProjectConfigurationPlatforms) = postSolution
		{EB3BF8BC-D8BA-431B-9474-FBD18EC58836}.Debug|Any CPU.ActiveCfg = Debug|Any CPU
		{EB3BF8BC-D8BA-431B-9474-FBD18EC58836}.Debug|Any CPU.Build.0 = Debug|Any CPU
		{EB3BF8BC-D8BA-431B-9474-FBD18EC58836}.Release|Any CPU.ActiveCfg = Release|Any CPU
		{EB3BF8BC-D8BA-431B-9474-FBD18EC58836}.Release|Any CPU.Build.0 = Release|Any CPU
		{88594AB8-A11A-4EDB-BFB4-2B487004E0B9}.Debug|Any CPU.ActiveCfg = Debug|Any CPU
		{88594AB8-A11A-4EDB-BFB4-2B487004E0B9}.Debug|Any CPU.Build.0 = Debug|Any CPU
		{88594AB8-A11A-4EDB-BFB4-2B487004E0B9}.Release|Any CPU.ActiveCfg = Release|Any CPU
		{88594AB8-A11A-4EDB-BFB4-2B487004E0B9}.Release|Any CPU.Build.0 = Release|Any CPU
		{1B2DD4D5-FB69-436A-A7B7-D0B0F67BF819}.Debug|Any CPU.ActiveCfg = Debug|Any CPU
		{1B2DD4D5-FB69-436A-A7B7-D0B0F67BF819}.Debug|Any CPU.Build.0 = Debug|Any CPU
		{1B2DD4D5-FB69-436A-A7B7-D0B0F67BF819}.Release|Any CPU.ActiveCfg = Release|Any CPU
		{1B2DD4D5-FB69-436A-A7B7-D0B0F67BF819}.Release|Any CPU.Build.0 = Release|Any CPU
	EndGlobalSection
	GlobalSection(SolutionProperties) = preSolution
		HideSolutionNode = FALSE
	EndGlobalSection
	GlobalSection(ExtensibilityGlobals) = postSolution
		SolutionGuid = {6381517E-0F5C-4FD8-A93A-FD3DEF784D12}
	EndGlobalSection
EndGlobal
